
Microsoft Visual Studio Solution File, Format Version 12.00
# Visual Studio 14
VisualStudioVersion = 14.0.24720.0
MinimumVisualStudioVersion = 10.0.40219.1
Project("{FAE04EC0-301F-11D3-BF4B-00C04F79EFBC}") = "Reflexif.WebDemo", "Reflexif.WebDemo\Reflexif.WebDemo.csproj", "{2321F6C1-F44F-486B-904F-8EAFADC74E4A}"
EndProject
Project("{FAE04EC0-301F-11D3-BF4B-00C04F79EFBC}") = "Reflexif", "Reflexif\Reflexif.csproj", "{DE4A09B6-6C70-403B-8106-9EFCEDDC3E37}"
EndProject
Global
	GlobalSection(SolutionConfigurationPlatforms) = preSolution
		Debug|Any CPU = Debug|Any CPU
		Release|Any CPU = Release|Any CPU
	EndGlobalSection
	GlobalSection(ProjectConfigurationPlatforms) = postSolution
		{2321F6C1-F44F-486B-904F-8EAFADC74E4A}.Debug|Any CPU.ActiveCfg = Debug|Any CPU
		{2321F6C1-F44F-486B-904F-8EAFADC74E4A}.Debug|Any CPU.Build.0 = Debug|Any CPU
		{2321F6C1-F44F-486B-904F-8EAFADC74E4A}.Release|Any CPU.ActiveCfg = Release|Any CPU
		{2321F6C1-F44F-486B-904F-8EAFADC74E4A}.Release|Any CPU.Build.0 = Release|Any CPU
		{DE4A09B6-6C70-403B-8106-9EFCEDDC3E37}.Debug|Any CPU.ActiveCfg = Debug|Any CPU
		{DE4A09B6-6C70-403B-8106-9EFCEDDC3E37}.Debug|Any CPU.Build.0 = Debug|Any CPU
		{DE4A09B6-6C70-403B-8106-9EFCEDDC3E37}.Release|Any CPU.ActiveCfg = Release|Any CPU
		{DE4A09B6-6C70-403B-8106-9EFCEDDC3E37}.Release|Any CPU.Build.0 = Release|Any CPU
	EndGlobalSection
	GlobalSection(SolutionProperties) = preSolution
		HideSolutionNode = FALSE
	EndGlobalSection
EndGlobal
